
Microsoft Visual Studio Solution File, Format Version 12.00
# Visual Studio 15
VisualStudioVersion = 15.0.28307.757
MinimumVisualStudioVersion = 10.0.40219.1
Project("{FAE04EC0-301F-11D3-BF4B-00C04F79EFBC}") = "WebMvc", "WebMvc\WebMvc.csproj", "{4A37F781-9594-4477-A599-595B5F030265}"
EndProject
Global
	GlobalSection(SolutionConfigurationPlatforms) = preSolution
		Debug|Any CPU = Debug|Any CPU
		Release|Any CPU = Release|Any CPU
	EndGlobalSection
	GlobalSection(ProjectConfigurationPlatforms) = postSolution
		{4A37F781-9594-4477-A599-595B5F030265}.Debug|Any CPU.ActiveCfg = Debug|Any CPU
		{4A37F781-9594-4477-A599-595B5F030265}.Debug|Any CPU.Build.0 = Debug|Any CPU
		{4A37F781-9594-4477-A599-595B5F030265}.Release|Any CPU.ActiveCfg = Release|Any CPU
		{4A37F781-9594-4477-A599-595B5F030265}.Release|Any CPU.Build.0 = Release|Any CPU
	EndGlobalSection
	GlobalSection(SolutionProperties) = preSolution
		HideSolutionNode = FALSE
	EndGlobalSection
	GlobalSection(ExtensibilityGlobals) = postSolution
		SolutionGuid = {DDDA53D7-E174-4228-AB00-F81729F0D327}
	EndGlobalSection
EndGlobal
